
Microsoft Visual Studio Solution File, Format Version 12.00
# Visual Studio Version 17
VisualStudioVersion = 17.0.31903.59
MinimumVisualStudioVersion = 10.0.40219.1
Project("{FAE04EC0-301F-11D3-BF4B-00C04F79EFBC}") = "week2", "week2\week2.csproj", "{950F2304-476B-44E3-A607-0B99C7F6434A}"
EndProject
Project("{FAE04EC0-301F-11D3-BF4B-00C04F79EFBC}") = "week3", "week3\week3.csproj", "{CB0CAD4A-C2A6-499B-8989-3E3112E36E24}"
EndProject
Project("{FAE04EC0-301F-11D3-BF4B-00C04F79EFBC}") = "week4", "week4\week4.csproj", "{A2AB4396-9531-43A7-B984-6669EAFF70C9}"
EndProject
Project("{2150E333-8FDC-42A3-9474-1A3956D46DE8}") = "week5", "week5", "{D3A34631-C76D-45FF-8D08-9674AD357B49}"
EndProject
Project("{FAE04EC0-301F-11D3-BF4B-00C04F79EFBC}") = "01", "week5\01\01.csproj", "{00293CA0-4002-4A2B-A4AA-C07124422CB3}"
EndProject
Project("{FAE04EC0-301F-11D3-BF4B-00C04F79EFBC}") = "02", "week5\02\02.csproj", "{109A943C-2B18-4B2E-84C9-7F0ADF85ABCD}"
EndProject
Project("{FAE04EC0-301F-11D3-BF4B-00C04F79EFBC}") = "03", "week5\03\03.csproj", "{769E045A-CD78-41C3-BAAD-0C845EAD5389}"
EndProject
Project("{FAE04EC0-301F-11D3-BF4B-00C04F79EFBC}") = "04", "week5\04\04.csproj", "{069C4D24-5843-41B2-B8B1-82C215E64268}"
EndProject
Project("{FAE04EC0-301F-11D3-BF4B-00C04F79EFBC}") = "05", "week5\05\05.csproj", "{BA9AA889-21CC-4CFD-8859-80B6F53A2F9C}"
EndProject
Project("{FAE04EC0-301F-11D3-BF4B-00C04F79EFBC}") = "06", "week5\06\06.csproj", "{853BC344-7254-4566-A689-23F368D2398A}"
EndProject
Project("{FAE04EC0-301F-11D3-BF4B-00C04F79EFBC}") = "07", "week5\07\07.csproj", "{7FDB07E2-164D-4CE7-916E-72B4A1570663}"
EndProject
Project("{2150E333-8FDC-42A3-9474-1A3956D46DE8}") = "week6", "week6", "{989D0CDD-74C8-4715-BC5C-4144EE850C34}"
EndProject
Project("{FAE04EC0-301F-11D3-BF4B-00C04F79EFBC}") = "week601", "week6\week601\week601.csproj", "{74295288-22E6-4AB0-B0B0-D253F5866690}"
EndProject
Project("{FAE04EC0-301F-11D3-BF4B-00C04F79EFBC}") = "week602", "week6\week602\week602.csproj", "{596B8DD1-BD55-43AE-BB43-19684F2D0ED8}"
EndProject
Project("{FAE04EC0-301F-11D3-BF4B-00C04F79EFBC}") = "week603", "week6\week603\week603.csproj", "{96E5610D-D23E-4A18-B949-B814B527E78E}"
EndProject
Project("{FAE04EC0-301F-11D3-BF4B-00C04F79EFBC}") = "week604", "week6\week604\week604.csproj", "{6E17D24C-7B11-409A-B101-CDE3C543FB7F}"
EndProject
Project("{FAE04EC0-301F-11D3-BF4B-00C04F79EFBC}") = "week605", "week6\week605\week605.csproj", "{3BB69C22-B281-4372-85E1-DDD6814984C6}"
EndProject
Project("{2150E333-8FDC-42A3-9474-1A3956D46DE8}") = "week7", "week7", "{C85CB24C-2780-4A52-9D81-951C11ADBCC7}"
EndProject
Project("{FAE04EC0-301F-11D3-BF4B-00C04F79EFBC}") = "week71", "week7\week71\week71.csproj", "{AC5837CA-137E-4961-A824-5C0A97B3005D}"
EndProject
Project("{FAE04EC0-301F-11D3-BF4B-00C04F79EFBC}") = "week72", "week7\week72\week72.csproj", "{581CF713-2265-44BF-9947-64A7B092169E}"
EndProject
Project("{FAE04EC0-301F-11D3-BF4B-00C04F79EFBC}") = "week73", "week7\week73\week73.csproj", "{4FF6BBAA-5B59-42FC-ADB6-42DF8450A599}"
EndProject
Project("{FAE04EC0-301F-11D3-BF4B-00C04F79EFBC}") = "week74", "week7\week74\week74.csproj", "{1481AB9C-67A4-4667-B3D0-C1D7276C3370}"
EndProject
Project("{FAE04EC0-301F-11D3-BF4B-00C04F79EFBC}") = "week75", "week7\week75\week75.csproj", "{A7A6283A-8EE3-4BDA-BEE6-63877219C4EE}"
EndProject
Global
	GlobalSection(SolutionConfigurationPlatforms) = preSolution
		Debug|Any CPU = Debug|Any CPU
		Release|Any CPU = Release|Any CPU
	EndGlobalSection
	GlobalSection(SolutionProperties) = preSolution
		HideSolutionNode = FALSE
	EndGlobalSection
	GlobalSection(ProjectConfigurationPlatforms) = postSolution
		{950F2304-476B-44E3-A607-0B99C7F6434A}.Debug|Any CPU.ActiveCfg = Debug|Any CPU
		{950F2304-476B-44E3-A607-0B99C7F6434A}.Debug|Any CPU.Build.0 = Debug|Any CPU
		{950F2304-476B-44E3-A607-0B99C7F6434A}.Release|Any CPU.ActiveCfg = Release|Any CPU
		{950F2304-476B-44E3-A607-0B99C7F6434A}.Release|Any CPU.Build.0 = Release|Any CPU
		{CB0CAD4A-C2A6-499B-8989-3E3112E36E24}.Debug|Any CPU.ActiveCfg = Debug|Any CPU
		{CB0CAD4A-C2A6-499B-8989-3E3112E36E24}.Debug|Any CPU.Build.0 = Debug|Any CPU
		{CB0CAD4A-C2A6-499B-8989-3E3112E36E24}.Release|Any CPU.ActiveCfg = Release|Any CPU
		{CB0CAD4A-C2A6-499B-8989-3E3112E36E24}.Release|Any CPU.Build.0 = Release|Any CPU
		{A2AB4396-9531-43A7-B984-6669EAFF70C9}.Debug|Any CPU.ActiveCfg = Debug|Any CPU
		{A2AB4396-9531-43A7-B984-6669EAFF70C9}.Debug|Any CPU.Build.0 = Debug|Any CPU
		{A2AB4396-9531-43A7-B984-6669EAFF70C9}.Release|Any CPU.ActiveCfg = Release|Any CPU
		{A2AB4396-9531-43A7-B984-6669EAFF70C9}.Release|Any CPU.Build.0 = Release|Any CPU
		{5AACECD1-8910-45F3-B401-57C0E9A9BEDC}.Debug|Any CPU.ActiveCfg = Debug|Any CPU
		{5AACECD1-8910-45F3-B401-57C0E9A9BEDC}.Debug|Any CPU.Build.0 = Debug|Any CPU
		{5AACECD1-8910-45F3-B401-57C0E9A9BEDC}.Release|Any CPU.ActiveCfg = Release|Any CPU
		{5AACECD1-8910-45F3-B401-57C0E9A9BEDC}.Release|Any CPU.Build.0 = Release|Any CPU
		{00293CA0-4002-4A2B-A4AA-C07124422CB3}.Debug|Any CPU.ActiveCfg = Debug|Any CPU
		{00293CA0-4002-4A2B-A4AA-C07124422CB3}.Debug|Any CPU.Build.0 = Debug|Any CPU
		{00293CA0-4002-4A2B-A4AA-C07124422CB3}.Release|Any CPU.ActiveCfg = Release|Any CPU
		{00293CA0-4002-4A2B-A4AA-C07124422CB3}.Release|Any CPU.Build.0 = Release|Any CPU
		{109A943C-2B18-4B2E-84C9-7F0ADF85ABCD}.Debug|Any CPU.ActiveCfg = Debug|Any CPU
		{109A943C-2B18-4B2E-84C9-7F0ADF85ABCD}.Debug|Any CPU.Build.0 = Debug|Any CPU
		{109A943C-2B18-4B2E-84C9-7F0ADF85ABCD}.Release|Any CPU.ActiveCfg = Release|Any CPU
		{109A943C-2B18-4B2E-84C9-7F0ADF85ABCD}.Release|Any CPU.Build.0 = Release|Any CPU
		{769E045A-CD78-41C3-BAAD-0C845EAD5389}.Debug|Any CPU.ActiveCfg = Debug|Any CPU
		{769E045A-CD78-41C3-BAAD-0C845EAD5389}.Debug|Any CPU.Build.0 = Debug|Any CPU
		{769E045A-CD78-41C3-BAAD-0C845EAD5389}.Release|Any CPU.ActiveCfg = Release|Any CPU
		{769E045A-CD78-41C3-BAAD-0C845EAD5389}.Release|Any CPU.Build.0 = Release|Any CPU
		{069C4D24-5843-41B2-B8B1-82C215E64268}.Debug|Any CPU.ActiveCfg = Debug|Any CPU
		{069C4D24-5843-41B2-B8B1-82C215E64268}.Debug|Any CPU.Build.0 = Debug|Any CPU
		{069C4D24-5843-41B2-B8B1-82C215E64268}.Release|Any CPU.ActiveCfg = Release|Any CPU
		{069C4D24-5843-41B2-B8B1-82C215E64268}.Release|Any CPU.Build.0 = Release|Any CPU
		{BA9AA889-21CC-4CFD-8859-80B6F53A2F9C}.Debug|Any CPU.ActiveCfg = Debug|Any CPU
		{BA9AA889-21CC-4CFD-8859-80B6F53A2F9C}.Debug|Any CPU.Build.0 = Debug|Any CPU
		{BA9AA889-21CC-4CFD-8859-80B6F53A2F9C}.Release|Any CPU.ActiveCfg = Release|Any CPU
		{BA9AA889-21CC-4CFD-8859-80B6F53A2F9C}.Release|Any CPU.Build.0 = Release|Any CPU
		{853BC344-7254-4566-A689-23F368D2398A}.Debug|Any CPU.ActiveCfg = Debug|Any CPU
		{853BC344-7254-4566-A689-23F368D2398A}.Debug|Any CPU.Build.0 = Debug|Any CPU
		{853BC344-7254-4566-A689-23F368D2398A}.Release|Any CPU.ActiveCfg = Release|Any CPU
		{853BC344-7254-4566-A689-23F368D2398A}.Release|Any CPU.Build.0 = Release|Any CPU
		{7FDB07E2-164D-4CE7-916E-72B4A1570663}.Debug|Any CPU.ActiveCfg = Debug|Any CPU
		{7FDB07E2-164D-4CE7-916E-72B4A1570663}.Debug|Any CPU.Build.0 = Debug|Any CPU
		{7FDB07E2-164D-4CE7-916E-72B4A1570663}.Release|Any CPU.ActiveCfg = Release|Any CPU
		{7FDB07E2-164D-4CE7-916E-72B4A1570663}.Release|Any CPU.Build.0 = Release|Any CPU
		{74295288-22E6-4AB0-B0B0-D253F5866690}.Debug|Any CPU.ActiveCfg = Debug|Any CPU
		{74295288-22E6-4AB0-B0B0-D253F5866690}.Debug|Any CPU.Build.0 = Debug|Any CPU
		{74295288-22E6-4AB0-B0B0-D253F5866690}.Release|Any CPU.ActiveCfg = Release|Any CPU
		{74295288-22E6-4AB0-B0B0-D253F5866690}.Release|Any CPU.Build.0 = Release|Any CPU
		{596B8DD1-BD55-43AE-BB43-19684F2D0ED8}.Debug|Any CPU.ActiveCfg = Debug|Any CPU
		{596B8DD1-BD55-43AE-BB43-19684F2D0ED8}.Debug|Any CPU.Build.0 = Debug|Any CPU
		{596B8DD1-BD55-43AE-BB43-19684F2D0ED8}.Release|Any CPU.ActiveCfg = Release|Any CPU
		{596B8DD1-BD55-43AE-BB43-19684F2D0ED8}.Release|Any CPU.Build.0 = Release|Any CPU
		{A10989BA-108B-4C5F-B921-5CC51CBB81A8}.Debug|Any CPU.ActiveCfg = Debug|Any CPU
		{A10989BA-108B-4C5F-B921-5CC51CBB81A8}.Debug|Any CPU.Build.0 = Debug|Any CPU
		{A10989BA-108B-4C5F-B921-5CC51CBB81A8}.Release|Any CPU.ActiveCfg = Release|Any CPU
		{A10989BA-108B-4C5F-B921-5CC51CBB81A8}.Release|Any CPU.Build.0 = Release|Any CPU
		{96E5610D-D23E-4A18-B949-B814B527E78E}.Debug|Any CPU.ActiveCfg = Debug|Any CPU
		{96E5610D-D23E-4A18-B949-B814B527E78E}.Debug|Any CPU.Build.0 = Debug|Any CPU
		{96E5610D-D23E-4A18-B949-B814B527E78E}.Release|Any CPU.ActiveCfg = Release|Any CPU
		{96E5610D-D23E-4A18-B949-B814B527E78E}.Release|Any CPU.Build.0 = Release|Any CPU
		{6E17D24C-7B11-409A-B101-CDE3C543FB7F}.Debug|Any CPU.ActiveCfg = Debug|Any CPU
		{6E17D24C-7B11-409A-B101-CDE3C543FB7F}.Debug|Any CPU.Build.0 = Debug|Any CPU
		{6E17D24C-7B11-409A-B101-CDE3C543FB7F}.Release|Any CPU.ActiveCfg = Release|Any CPU
		{6E17D24C-7B11-409A-B101-CDE3C543FB7F}.Release|Any CPU.Build.0 = Release|Any CPU
		{3BB69C22-B281-4372-85E1-DDD6814984C6}.Debug|Any CPU.ActiveCfg = Debug|Any CPU
		{3BB69C22-B281-4372-85E1-DDD6814984C6}.Debug|Any CPU.Build.0 = Debug|Any CPU
		{3BB69C22-B281-4372-85E1-DDD6814984C6}.Release|Any CPU.ActiveCfg = Release|Any CPU
		{3BB69C22-B281-4372-85E1-DDD6814984C6}.Release|Any CPU.Build.0 = Release|Any CPU
		{AC5837CA-137E-4961-A824-5C0A97B3005D}.Debug|Any CPU.ActiveCfg = Debug|Any CPU
		{AC5837CA-137E-4961-A824-5C0A97B3005D}.Debug|Any CPU.Build.0 = Debug|Any CPU
		{AC5837CA-137E-4961-A824-5C0A97B3005D}.Release|Any CPU.ActiveCfg = Release|Any CPU
		{AC5837CA-137E-4961-A824-5C0A97B3005D}.Release|Any CPU.Build.0 = Release|Any CPU
		{581CF713-2265-44BF-9947-64A7B092169E}.Debug|Any CPU.ActiveCfg = Debug|Any CPU
		{581CF713-2265-44BF-9947-64A7B092169E}.Debug|Any CPU.Build.0 = Debug|Any CPU
		{581CF713-2265-44BF-9947-64A7B092169E}.Release|Any CPU.ActiveCfg = Release|Any CPU
		{581CF713-2265-44BF-9947-64A7B092169E}.Release|Any CPU.Build.0 = Release|Any CPU
		{4FF6BBAA-5B59-42FC-ADB6-42DF8450A599}.Debug|Any CPU.ActiveCfg = Debug|Any CPU
		{4FF6BBAA-5B59-42FC-ADB6-42DF8450A599}.Debug|Any CPU.Build.0 = Debug|Any CPU
		{4FF6BBAA-5B59-42FC-ADB6-42DF8450A599}.Release|Any CPU.ActiveCfg = Release|Any CPU
		{4FF6BBAA-5B59-42FC-ADB6-42DF8450A599}.Release|Any CPU.Build.0 = Release|Any CPU
		{1481AB9C-67A4-4667-B3D0-C1D7276C3370}.Debug|Any CPU.ActiveCfg = Debug|Any CPU
		{1481AB9C-67A4-4667-B3D0-C1D7276C3370}.Debug|Any CPU.Build.0 = Debug|Any CPU
		{1481AB9C-67A4-4667-B3D0-C1D7276C3370}.Release|Any CPU.ActiveCfg = Release|Any CPU
		{1481AB9C-67A4-4667-B3D0-C1D7276C3370}.Release|Any CPU.Build.0 = Release|Any CPU
		{A7A6283A-8EE3-4BDA-BEE6-63877219C4EE}.Debug|Any CPU.ActiveCfg = Debug|Any CPU
		{A7A6283A-8EE3-4BDA-BEE6-63877219C4EE}.Debug|Any CPU.Build.0 = Debug|Any CPU
		{A7A6283A-8EE3-4BDA-BEE6-63877219C4EE}.Release|Any CPU.ActiveCfg = Release|Any CPU
		{A7A6283A-8EE3-4BDA-BEE6-63877219C4EE}.Release|Any CPU.Build.0 = Release|Any CPU
	EndGlobalSection
	GlobalSection(NestedProjects) = preSolution
		{00293CA0-4002-4A2B-A4AA-C07124422CB3} = {D3A34631-C76D-45FF-8D08-9674AD357B49}
		{109A943C-2B18-4B2E-84C9-7F0ADF85ABCD} = {D3A34631-C76D-45FF-8D08-9674AD357B49}
		{769E045A-CD78-41C3-BAAD-0C845EAD5389} = {D3A34631-C76D-45FF-8D08-9674AD357B49}
		{069C4D24-5843-41B2-B8B1-82C215E64268} = {D3A34631-C76D-45FF-8D08-9674AD357B49}
		{BA9AA889-21CC-4CFD-8859-80B6F53A2F9C} = {D3A34631-C76D-45FF-8D08-9674AD357B49}
		{853BC344-7254-4566-A689-23F368D2398A} = {D3A34631-C76D-45FF-8D08-9674AD357B49}
		{7FDB07E2-164D-4CE7-916E-72B4A1570663} = {D3A34631-C76D-45FF-8D08-9674AD357B49}
		{74295288-22E6-4AB0-B0B0-D253F5866690} = {989D0CDD-74C8-4715-BC5C-4144EE850C34}
		{596B8DD1-BD55-43AE-BB43-19684F2D0ED8} = {989D0CDD-74C8-4715-BC5C-4144EE850C34}
		{96E5610D-D23E-4A18-B949-B814B527E78E} = {989D0CDD-74C8-4715-BC5C-4144EE850C34}
		{6E17D24C-7B11-409A-B101-CDE3C543FB7F} = {989D0CDD-74C8-4715-BC5C-4144EE850C34}
		{3BB69C22-B281-4372-85E1-DDD6814984C6} = {989D0CDD-74C8-4715-BC5C-4144EE850C34}
		{AC5837CA-137E-4961-A824-5C0A97B3005D} = {C85CB24C-2780-4A52-9D81-951C11ADBCC7}
		{581CF713-2265-44BF-9947-64A7B092169E} = {C85CB24C-2780-4A52-9D81-951C11ADBCC7}
		{4FF6BBAA-5B59-42FC-ADB6-42DF8450A599} = {C85CB24C-2780-4A52-9D81-951C11ADBCC7}
		{1481AB9C-67A4-4667-B3D0-C1D7276C3370} = {C85CB24C-2780-4A52-9D81-951C11ADBCC7}
		{A7A6283A-8EE3-4BDA-BEE6-63877219C4EE} = {C85CB24C-2780-4A52-9D81-951C11ADBCC7}
	EndGlobalSection
EndGlobal
